
Microsoft Visual Studio Solution File, Format Version 12.00
# Visual Studio Version 17
VisualStudioVersion = 17.0.31903.59
MinimumVisualStudioVersion = 10.0.40219.1
Project("{2150E333-8FDC-42A3-9474-1A3956D46DE8}") = "01 - Pro C#", "01 - Pro C#", "{AFFFF39F-7BA8-4252-A328-D1053F4BBC39}"
EndProject
Project("{2150E333-8FDC-42A3-9474-1A3956D46DE8}") = "Part I - Introducing C# and .NET 6", "Part I - Introducing C# and .NET 6", "{83EE6871-2410-4507-BF3A-3EB0B18343F2}"
EndProject
Project("{2150E333-8FDC-42A3-9474-1A3956D46DE8}") = "Ch01_introduction", "Ch01_introduction", "{2CC29545-07CB-4AD4-B943-A69A283B8D68}"
EndProject
Project("{FAE04EC0-301F-11D3-BF4B-00C04F79EFBC}") = "HelloWorld", "01 - Pro C#\Part I - Introducing C# and .NET 6\Ch01_introduction\HelloWorld\HelloWorld.csproj", "{4D14ABE9-5797-43CC-8B93-13D2331D3012}"
EndProject
Global
	GlobalSection(SolutionConfigurationPlatforms) = preSolution
		Debug|Any CPU = Debug|Any CPU
		Release|Any CPU = Release|Any CPU
	EndGlobalSection
	GlobalSection(SolutionProperties) = preSolution
		HideSolutionNode = FALSE
	EndGlobalSection
	GlobalSection(ProjectConfigurationPlatforms) = postSolution
		{4D14ABE9-5797-43CC-8B93-13D2331D3012}.Debug|Any CPU.ActiveCfg = Debug|Any CPU
		{4D14ABE9-5797-43CC-8B93-13D2331D3012}.Debug|Any CPU.Build.0 = Debug|Any CPU
		{4D14ABE9-5797-43CC-8B93-13D2331D3012}.Release|Any CPU.ActiveCfg = Release|Any CPU
		{4D14ABE9-5797-43CC-8B93-13D2331D3012}.Release|Any CPU.Build.0 = Release|Any CPU
	EndGlobalSection
	GlobalSection(NestedProjects) = preSolution
		{83EE6871-2410-4507-BF3A-3EB0B18343F2} = {AFFFF39F-7BA8-4252-A328-D1053F4BBC39}
		{2CC29545-07CB-4AD4-B943-A69A283B8D68} = {83EE6871-2410-4507-BF3A-3EB0B18343F2}
		{4D14ABE9-5797-43CC-8B93-13D2331D3012} = {2CC29545-07CB-4AD4-B943-A69A283B8D68}
	EndGlobalSection
EndGlobal
